
Microsoft Visual Studio Solution File, Format Version 12.00
# Visual Studio 15
Project("{FAE04EC0-301F-11D3-BF4B-00C04F79EFBC}") = "Assembly-CSharp", "Assembly-CSharp.csproj", "{843CEF57-D9A0-57A2-EF02-A03AA2DAF28D}"
EndProject
Global
	GlobalSection(SolutionConfigurationPlatforms) = preSolution
		Debug|Any CPU = Debug|Any CPU
		Release|Any CPU = Release|Any CPU
	EndGlobalSection
	GlobalSection(ProjectConfigurationPlatforms) = postSolution
		{843CEF57-D9A0-57A2-EF02-A03AA2DAF28D}.Debug|Any CPU.ActiveCfg = Debug|Any CPU
		{843CEF57-D9A0-57A2-EF02-A03AA2DAF28D}.Debug|Any CPU.Build.0 = Debug|Any CPU
		{843CEF57-D9A0-57A2-EF02-A03AA2DAF28D}.Release|Any CPU.ActiveCfg = Release|Any CPU
		{843CEF57-D9A0-57A2-EF02-A03AA2DAF28D}.Release|Any CPU.Build.0 = Release|Any CPU
	EndGlobalSection
	GlobalSection(SolutionProperties) = preSolution
		HideSolutionNode = FALSE
	EndGlobalSection
EndGlobal
